
Microsoft Visual Studio Solution File, Format Version 12.00
# Visual Studio Version 16
VisualStudioVersion = 16.0.30413.136
MinimumVisualStudioVersion = 10.0.40219.1
Project("{FAE04EC0-301F-11D3-BF4B-00C04F79EFBC}") = "Aula01", "Aula01\Aula01.csproj", "{F2799901-C9B2-4264-BB56-04DC08C12866}"
EndProject
Global
	GlobalSection(SolutionConfigurationPlatforms) = preSolution
		Debug|Any CPU = Debug|Any CPU
		Release|Any CPU = Release|Any CPU
	EndGlobalSection
	GlobalSection(ProjectConfigurationPlatforms) = postSolution
		{F2799901-C9B2-4264-BB56-04DC08C12866}.Debug|Any CPU.ActiveCfg = Debug|Any CPU
		{F2799901-C9B2-4264-BB56-04DC08C12866}.Debug|Any CPU.Build.0 = Debug|Any CPU
		{F2799901-C9B2-4264-BB56-04DC08C12866}.Release|Any CPU.ActiveCfg = Release|Any CPU
		{F2799901-C9B2-4264-BB56-04DC08C12866}.Release|Any CPU.Build.0 = Release|Any CPU
	EndGlobalSection
	GlobalSection(SolutionProperties) = preSolution
		HideSolutionNode = FALSE
	EndGlobalSection
	GlobalSection(ExtensibilityGlobals) = postSolution
		SolutionGuid = {6D26A5DB-F901-4AE5-A7EB-AD40C3349E0B}
	EndGlobalSection
EndGlobal
