
Microsoft Visual Studio Solution File, Format Version 12.00
# Visual Studio Version 16
VisualStudioVersion = 16.0.30413.136
MinimumVisualStudioVersion = 10.0.40219.1
Project("{FAE04EC0-301F-11D3-BF4B-00C04F79EFBC}") = "Aula08", "Aula08\Aula08.csproj", "{C7FC788D-C1F9-4D7D-8E37-C6696A42DC56}"
EndProject
Global
	GlobalSection(SolutionConfigurationPlatforms) = preSolution
		Debug|Any CPU = Debug|Any CPU
		Release|Any CPU = Release|Any CPU
	EndGlobalSection
	GlobalSection(ProjectConfigurationPlatforms) = postSolution
		{C7FC788D-C1F9-4D7D-8E37-C6696A42DC56}.Debug|Any CPU.ActiveCfg = Debug|Any CPU
		{C7FC788D-C1F9-4D7D-8E37-C6696A42DC56}.Debug|Any CPU.Build.0 = Debug|Any CPU
		{C7FC788D-C1F9-4D7D-8E37-C6696A42DC56}.Release|Any CPU.ActiveCfg = Release|Any CPU
		{C7FC788D-C1F9-4D7D-8E37-C6696A42DC56}.Release|Any CPU.Build.0 = Release|Any CPU
	EndGlobalSection
	GlobalSection(SolutionProperties) = preSolution
		HideSolutionNode = FALSE
	EndGlobalSection
	GlobalSection(ExtensibilityGlobals) = postSolution
		SolutionGuid = {42D353E6-ABCB-4FFA-8E13-96C54E7D46A2}
	EndGlobalSection
EndGlobal
