
Microsoft Visual Studio Solution File, Format Version 12.00
# Visual Studio Version 16
VisualStudioVersion = 16.0.30413.136
MinimumVisualStudioVersion = 10.0.40219.1
Project("{FAE04EC0-301F-11D3-BF4B-00C04F79EFBC}") = "Aula05", "Aula05\Aula05.csproj", "{A049BC2B-4C22-4615-BB35-67C766C55B01}"
EndProject
Global
	GlobalSection(SolutionConfigurationPlatforms) = preSolution
		Debug|Any CPU = Debug|Any CPU
		Release|Any CPU = Release|Any CPU
	EndGlobalSection
	GlobalSection(ProjectConfigurationPlatforms) = postSolution
		{A049BC2B-4C22-4615-BB35-67C766C55B01}.Debug|Any CPU.ActiveCfg = Debug|Any CPU
		{A049BC2B-4C22-4615-BB35-67C766C55B01}.Debug|Any CPU.Build.0 = Debug|Any CPU
		{A049BC2B-4C22-4615-BB35-67C766C55B01}.Release|Any CPU.ActiveCfg = Release|Any CPU
		{A049BC2B-4C22-4615-BB35-67C766C55B01}.Release|Any CPU.Build.0 = Release|Any CPU
	EndGlobalSection
	GlobalSection(SolutionProperties) = preSolution
		HideSolutionNode = FALSE
	EndGlobalSection
	GlobalSection(ExtensibilityGlobals) = postSolution
		SolutionGuid = {B999B542-54A5-4059-ACEC-C044C8FB5609}
	EndGlobalSection
EndGlobal
