
Microsoft Visual Studio Solution File, Format Version 12.00
# Visual Studio Version 16
VisualStudioVersion = 16.0.30413.136
MinimumVisualStudioVersion = 10.0.40219.1
Project("{FAE04EC0-301F-11D3-BF4B-00C04F79EFBC}") = "Aula11", "Aula11\Aula11.csproj", "{399C2297-66EB-44A6-91FC-E3CB399DC0EE}"
EndProject
Global
	GlobalSection(SolutionConfigurationPlatforms) = preSolution
		Debug|Any CPU = Debug|Any CPU
		Release|Any CPU = Release|Any CPU
	EndGlobalSection
	GlobalSection(ProjectConfigurationPlatforms) = postSolution
		{399C2297-66EB-44A6-91FC-E3CB399DC0EE}.Debug|Any CPU.ActiveCfg = Debug|Any CPU
		{399C2297-66EB-44A6-91FC-E3CB399DC0EE}.Debug|Any CPU.Build.0 = Debug|Any CPU
		{399C2297-66EB-44A6-91FC-E3CB399DC0EE}.Release|Any CPU.ActiveCfg = Release|Any CPU
		{399C2297-66EB-44A6-91FC-E3CB399DC0EE}.Release|Any CPU.Build.0 = Release|Any CPU
	EndGlobalSection
	GlobalSection(SolutionProperties) = preSolution
		HideSolutionNode = FALSE
	EndGlobalSection
	GlobalSection(ExtensibilityGlobals) = postSolution
		SolutionGuid = {DA1FD1EB-B238-4FA0-B2E3-B1CA674AE79C}
	EndGlobalSection
EndGlobal
