
Microsoft Visual Studio Solution File, Format Version 12.00
# Visual Studio Version 16
VisualStudioVersion = 16.0.30413.136
MinimumVisualStudioVersion = 10.0.40219.1
Project("{FAE04EC0-301F-11D3-BF4B-00C04F79EFBC}") = "Aula46", "Aula46\Aula46.csproj", "{6052F6A3-D38E-4B06-9547-4EF653154C8E}"
EndProject
Global
	GlobalSection(SolutionConfigurationPlatforms) = preSolution
		Debug|Any CPU = Debug|Any CPU
		Release|Any CPU = Release|Any CPU
	EndGlobalSection
	GlobalSection(ProjectConfigurationPlatforms) = postSolution
		{6052F6A3-D38E-4B06-9547-4EF653154C8E}.Debug|Any CPU.ActiveCfg = Debug|Any CPU
		{6052F6A3-D38E-4B06-9547-4EF653154C8E}.Debug|Any CPU.Build.0 = Debug|Any CPU
		{6052F6A3-D38E-4B06-9547-4EF653154C8E}.Release|Any CPU.ActiveCfg = Release|Any CPU
		{6052F6A3-D38E-4B06-9547-4EF653154C8E}.Release|Any CPU.Build.0 = Release|Any CPU
	EndGlobalSection
	GlobalSection(SolutionProperties) = preSolution
		HideSolutionNode = FALSE
	EndGlobalSection
	GlobalSection(ExtensibilityGlobals) = postSolution
		SolutionGuid = {880D6F01-4858-443F-AB80-5F447A7EEBB9}
	EndGlobalSection
EndGlobal
