
Microsoft Visual Studio Solution File, Format Version 12.00
# Visual Studio Version 16
VisualStudioVersion = 16.0.30413.136
MinimumVisualStudioVersion = 10.0.40219.1
Project("{FAE04EC0-301F-11D3-BF4B-00C04F79EFBC}") = "Aula01", "Aula01\Aula01.csproj", "{C99B3A83-07B1-42EB-8F69-F56FF5221A63}"
EndProject
Global
	GlobalSection(SolutionConfigurationPlatforms) = preSolution
		Debug|Any CPU = Debug|Any CPU
		Release|Any CPU = Release|Any CPU
	EndGlobalSection
	GlobalSection(ProjectConfigurationPlatforms) = postSolution
		{C99B3A83-07B1-42EB-8F69-F56FF5221A63}.Debug|Any CPU.ActiveCfg = Debug|Any CPU
		{C99B3A83-07B1-42EB-8F69-F56FF5221A63}.Debug|Any CPU.Build.0 = Debug|Any CPU
		{C99B3A83-07B1-42EB-8F69-F56FF5221A63}.Release|Any CPU.ActiveCfg = Release|Any CPU
		{C99B3A83-07B1-42EB-8F69-F56FF5221A63}.Release|Any CPU.Build.0 = Release|Any CPU
	EndGlobalSection
	GlobalSection(SolutionProperties) = preSolution
		HideSolutionNode = FALSE
	EndGlobalSection
	GlobalSection(ExtensibilityGlobals) = postSolution
		SolutionGuid = {B1B60CCB-E7FC-427B-8C8B-C7C897233ECB}
	EndGlobalSection
EndGlobal
